
Microsoft Visual Studio Solution File, Format Version 12.00
# Visual Studio Version 16
VisualStudioVersion = 16.0.808.6
MinimumVisualStudioVersion = 10.0.40219.1
Project("{FAE04EC0-301F-11D3-BF4B-00C04F79EFBC}") = "Checkbot", "Checkbot\Checkbot.csproj", "{AFCDE7F3-B161-4301-AEB8-4E6286D4BF2E}"
EndProject
Global
	GlobalSection(SolutionConfigurationPlatforms) = preSolution
		Debug|Any CPU = Debug|Any CPU
		Release|Any CPU = Release|Any CPU
	EndGlobalSection
	GlobalSection(ProjectConfigurationPlatforms) = postSolution
		{AFCDE7F3-B161-4301-AEB8-4E6286D4BF2E}.Debug|Any CPU.ActiveCfg = Debug|Any CPU
		{AFCDE7F3-B161-4301-AEB8-4E6286D4BF2E}.Debug|Any CPU.Build.0 = Debug|Any CPU
		{AFCDE7F3-B161-4301-AEB8-4E6286D4BF2E}.Release|Any CPU.ActiveCfg = Release|Any CPU
		{AFCDE7F3-B161-4301-AEB8-4E6286D4BF2E}.Release|Any CPU.Build.0 = Release|Any CPU
	EndGlobalSection
	GlobalSection(SolutionProperties) = preSolution
		HideSolutionNode = FALSE
	EndGlobalSection
	GlobalSection(ExtensibilityGlobals) = postSolution
		SolutionGuid = {F8A8696C-CD69-4AB3-9E89-A37C52829948}
	EndGlobalSection
	GlobalSection(MonoDevelopProperties) = preSolution
		Policies = $0
		$0.TextStylePolicy = $1
		$1.FileWidth = 80
		$1.TabWidth = 2
		$1.TabsToSpaces = True
		$1.IndentWidth = 2
		$1.scope = text/x-javascript
		$0.TextStylePolicy = $2
		$2.TabWidth = 2
		$2.TabsToSpaces = True
		$2.IndentWidth = 2
		$2.NoTabsAfterNonTabs = True
		$2.scope = text/x-css
		$0.CSSFormattingPolicy = $3
		$3.AutomaticFormatting = True
		$3.BracePositions = SemiExpanded
		$3.FormatOnPaste = True
		$3.HierarchicalIndentation = True
		$3.scope = text/x-css
	EndGlobalSection
EndGlobal
