
Microsoft Visual Studio Solution File, Format Version 12.00
# Visual Studio Version 16
VisualStudioVersion = 16.0.808.4
MinimumVisualStudioVersion = 10.0.40219.1
Project("{FAE04EC0-301F-11D3-BF4B-00C04F79EFBC}") = "CheckBot", "CheckBot\CheckBot.csproj", "{AF9B00C6-604D-4C68-A15B-D023C246F6D7}"
EndProject
Project("{FAE04EC0-301F-11D3-BF4B-00C04F79EFBC}") = "CheckBot.Tests", "CheckBot.Tests\CheckBot.Tests.csproj", "{F25617D7-0731-4B51-B356-F7291F92E059}"
EndProject
Global
	GlobalSection(SolutionConfigurationPlatforms) = preSolution
		Debug|Any CPU = Debug|Any CPU
		Release|Any CPU = Release|Any CPU
	EndGlobalSection
	GlobalSection(ProjectConfigurationPlatforms) = postSolution
		{AF9B00C6-604D-4C68-A15B-D023C246F6D7}.Debug|Any CPU.ActiveCfg = Debug|Any CPU
		{AF9B00C6-604D-4C68-A15B-D023C246F6D7}.Debug|Any CPU.Build.0 = Debug|Any CPU
		{AF9B00C6-604D-4C68-A15B-D023C246F6D7}.Release|Any CPU.ActiveCfg = Release|Any CPU
		{AF9B00C6-604D-4C68-A15B-D023C246F6D7}.Release|Any CPU.Build.0 = Release|Any CPU
		{F25617D7-0731-4B51-B356-F7291F92E059}.Debug|Any CPU.ActiveCfg = Debug|Any CPU
		{F25617D7-0731-4B51-B356-F7291F92E059}.Debug|Any CPU.Build.0 = Debug|Any CPU
		{F25617D7-0731-4B51-B356-F7291F92E059}.Release|Any CPU.ActiveCfg = Release|Any CPU
		{F25617D7-0731-4B51-B356-F7291F92E059}.Release|Any CPU.Build.0 = Release|Any CPU
	EndGlobalSection
	GlobalSection(SolutionProperties) = preSolution
		HideSolutionNode = FALSE
	EndGlobalSection
	GlobalSection(ExtensibilityGlobals) = postSolution
		SolutionGuid = {2F8DB3A6-1E23-4600-98A1-628D12C48F83}
	EndGlobalSection
EndGlobal
